
Microsoft Visual Studio Solution File, Format Version 12.00
# Visual Studio Version 17
VisualStudioVersion = 17.0.31903.59
MinimumVisualStudioVersion = 10.0.40219.1
Project("{9A19103F-16F7-4668-BE54-9A1E7A4F7556}") = "Hotel.Domain", "Hotel.Domain\Hotel.Domain.csproj", "{9B29199D-87D1-4948-B889-F4AF9D47EA58}"
EndProject
Project("{9A19103F-16F7-4668-BE54-9A1E7A4F7556}") = "Hotel.Tests", "Hotel.Tests\Hotel.Tests.csproj", "{B2588852-31D5-4E62-9DDB-2A71E10C3335}"
EndProject
Project("{2150E333-8FDC-42A3-9474-1A3956D46DE8}") = "Root", "Root", "{3CC7FE64-D99E-4A3E-BEF7-0B7E3F5DA4C3}"
	ProjectSection(SolutionItems) = preProject
		appspec.yml = appspec.yml
		Hotel.Domain\buildspec.yml = Hotel.Domain\buildspec.yml
		HotelSistem.service = HotelSistem.service
	EndProjectSection
EndProject
Project("{2150E333-8FDC-42A3-9474-1A3956D46DE8}") = "scripts", "scripts", "{6C55B137-568E-409B-8053-0B7B34DCA34D}"
	ProjectSection(SolutionItems) = preProject
		after_install.sh = after_install.sh
		before_install.sh = before_install.sh
		start_server.sh = start_server.sh
		validate_service.sh = validate_service.sh
	EndProjectSection
EndProject
Global
	GlobalSection(SolutionConfigurationPlatforms) = preSolution
		Debug|Any CPU = Debug|Any CPU
		Release|Any CPU = Release|Any CPU
	EndGlobalSection
	GlobalSection(ProjectConfigurationPlatforms) = postSolution
		{9B29199D-87D1-4948-B889-F4AF9D47EA58}.Debug|Any CPU.ActiveCfg = Debug|Any CPU
		{9B29199D-87D1-4948-B889-F4AF9D47EA58}.Debug|Any CPU.Build.0 = Debug|Any CPU
		{9B29199D-87D1-4948-B889-F4AF9D47EA58}.Release|Any CPU.ActiveCfg = Release|Any CPU
		{9B29199D-87D1-4948-B889-F4AF9D47EA58}.Release|Any CPU.Build.0 = Release|Any CPU
		{B2588852-31D5-4E62-9DDB-2A71E10C3335}.Debug|Any CPU.ActiveCfg = Debug|Any CPU
		{B2588852-31D5-4E62-9DDB-2A71E10C3335}.Debug|Any CPU.Build.0 = Debug|Any CPU
		{B2588852-31D5-4E62-9DDB-2A71E10C3335}.Release|Any CPU.ActiveCfg = Release|Any CPU
		{B2588852-31D5-4E62-9DDB-2A71E10C3335}.Release|Any CPU.Build.0 = Release|Any CPU
	EndGlobalSection
	GlobalSection(SolutionProperties) = preSolution
		HideSolutionNode = FALSE
	EndGlobalSection
	GlobalSection(ExtensibilityGlobals) = postSolution
		SolutionGuid = {F7220612-7D82-44FE-A508-4F5C955873B5}
	EndGlobalSection
EndGlobal
